// !$*UTF8*$!
{
	archiveVersion = 1;
	classes = {
	};
	objectVersion = 56;
	objects = {

/* Begin PBXBuildFile section */
		CF422F1B2C6FF6950099BAA8 /* RickAndMortyApp.swift in Sources */ = {isa = PBXBuildFile; fileRef = CF422F1A2C6FF6950099BAA8 /* RickAndMortyApp.swift */; };
		CF422F1D2C6FF6950099BAA8 /* RickAndMortyView.swift in Sources */ = {isa = PBXBuildFile; fileRef = CF422F1C2C6FF6950099BAA8 /* RickAndMortyView.swift */; };
		CF422F1F2C6FF6960099BAA8 /* Assets.xcassets in Resources */ = {isa = PBXBuildFile; fileRef = CF422F1E2C6FF6960099BAA8 /* Assets.xcassets */; };
		CF422F222C6FF6960099BAA8 /* Preview Assets.xcassets in Resources */ = {isa = PBXBuildFile; fileRef = CF422F212C6FF6960099BAA8 /* Preview Assets.xcassets */; };
		CF422F2A2C6FF7830099BAA8 /* Alamofire in Frameworks */ = {isa = PBXBuildFile; productRef = CF422F292C6FF7830099BAA8 /* Alamofire */; };
		CF422F2F2C6FF7E80099BAA8 /* RickAndMortyService.swift in Sources */ = {isa = PBXBuildFile; fileRef = CF422F2E2C6FF7E80099BAA8 /* RickAndMortyService.swift */; };
		CF422F322C6FF9000099BAA8 /* Character.swift in Sources */ = {isa = PBXBuildFile; fileRef = CF422F312C6FF9000099BAA8 /* Character.swift */; };
		CF422F342C6FFCDD0099BAA8 /* RickAndMortyViewModel.swift in Sources */ = {isa = PBXBuildFile; fileRef = CF422F332C6FFCDD0099BAA8 /* RickAndMortyViewModel.swift */; };
		CF422F362C700BCD0099BAA8 /* RickAndMortyItem.swift in Sources */ = {isa = PBXBuildFile; fileRef = CF422F352C700BCD0099BAA8 /* RickAndMortyItem.swift */; };
		CF422F382C79D2120099BAA8 /* CharacterResponseDTO.swift in Sources */ = {isa = PBXBuildFile; fileRef = CF422F372C79D2120099BAA8 /* CharacterResponseDTO.swift */; };
		CF422F3B2C79D3210099BAA8 /* CharacterError.swift in Sources */ = {isa = PBXBuildFile; fileRef = CF422F3A2C79D3210099BAA8 /* CharacterError.swift */; };
		CF422F3D2C79DB760099BAA8 /* SearchBar.swift in Sources */ = {isa = PBXBuildFile; fileRef = CF422F3C2C79DB760099BAA8 /* SearchBar.swift */; };
		CF422F3F2C79DCFD0099BAA8 /* CharacterDetailView.swift in Sources */ = {isa = PBXBuildFile; fileRef = CF422F3E2C79DCFD0099BAA8 /* CharacterDetailView.swift */; };
		CF422F412C79DD0E0099BAA8 /* CharacterDetailViewModel.swift in Sources */ = {isa = PBXBuildFile; fileRef = CF422F402C79DD0E0099BAA8 /* CharacterDetailViewModel.swift */; };
		CF422F432C79E0DC0099BAA8 /* StatusView.swift in Sources */ = {isa = PBXBuildFile; fileRef = CF422F422C79E0DC0099BAA8 /* StatusView.swift */; };
		CF422F462C79F3020099BAA8 /* FormattedDate.swift in Sources */ = {isa = PBXBuildFile; fileRef = CF422F452C79F3020099BAA8 /* FormattedDate.swift */; };
		CF422F4A2C7E05B60099BAA8 /* Favorite.swift in Sources */ = {isa = PBXBuildFile; fileRef = CF422F492C7E05B60099BAA8 /* Favorite.swift */; };
		CF422F4C2C7E06020099BAA8 /* FavoriteService.swift in Sources */ = {isa = PBXBuildFile; fileRef = CF422F4B2C7E06020099BAA8 /* FavoriteService.swift */; };
		CF422F4E2C7E1FB30099BAA8 /* FavoritesView.swift in Sources */ = {isa = PBXBuildFile; fileRef = CF422F4D2C7E1FB30099BAA8 /* FavoritesView.swift */; };
		CF422F502C7E1FE70099BAA8 /* FavoritesViewModel.swift in Sources */ = {isa = PBXBuildFile; fileRef = CF422F4F2C7E1FE70099BAA8 /* FavoritesViewModel.swift */; };
/* End PBXBuildFile section */

/* Begin PBXFileReference section */
		CF422F172C6FF6950099BAA8 /* RickAndMorty.app */ = {isa = PBXFileReference; explicitFileType = wrapper.application; includeInIndex = 0; path = RickAndMorty.app; sourceTree = BUILT_PRODUCTS_DIR; };
		CF422F1A2C6FF6950099BAA8 /* RickAndMortyApp.swift */ = {isa = PBXFileReference; lastKnownFileType = sourcecode.swift; path = RickAndMortyApp.swift; sourceTree = "<group>"; };
		CF422F1C2C6FF6950099BAA8 /* RickAndMortyView.swift */ = {isa = PBXFileReference; lastKnownFileType = sourcecode.swift; path = RickAndMortyView.swift; sourceTree = "<group>"; };
		CF422F1E2C6FF6960099BAA8 /* Assets.xcassets */ = {isa = PBXFileReference; lastKnownFileType = folder.assetcatalog; path = Assets.xcassets; sourceTree = "<group>"; };
		CF422F212C6FF6960099BAA8 /* Preview Assets.xcassets */ = {isa = PBXFileReference; lastKnownFileType = folder.assetcatalog; path = "Preview Assets.xcassets"; sourceTree = "<group>"; };
		CF422F2E2C6FF7E80099BAA8 /* RickAndMortyService.swift */ = {isa = PBXFileReference; lastKnownFileType = sourcecode.swift; path = RickAndMortyService.swift; sourceTree = "<group>"; };
		CF422F312C6FF9000099BAA8 /* Character.swift */ = {isa = PBXFileReference; lastKnownFileType = sourcecode.swift; path = Character.swift; sourceTree = "<group>"; };
		CF422F332C6FFCDD0099BAA8 /* RickAndMortyViewModel.swift */ = {isa = PBXFileReference; lastKnownFileType = sourcecode.swift; path = RickAndMortyViewModel.swift; sourceTree = "<group>"; };
		CF422F352C700BCD0099BAA8 /* RickAndMortyItem.swift */ = {isa = PBXFileReference; lastKnownFileType = sourcecode.swift; path = RickAndMortyItem.swift; sourceTree = "<group>"; };
		CF422F372C79D2120099BAA8 /* CharacterResponseDTO.swift */ = {isa = PBXFileReference; lastKnownFileType = sourcecode.swift; path = CharacterResponseDTO.swift; sourceTree = "<group>"; };
		CF422F3A2C79D3210099BAA8 /* CharacterError.swift */ = {isa = PBXFileReference; lastKnownFileType = sourcecode.swift; path = CharacterError.swift; sourceTree = "<group>"; };
		CF422F3C2C79DB760099BAA8 /* SearchBar.swift */ = {isa = PBXFileReference; lastKnownFileType = sourcecode.swift; path = SearchBar.swift; sourceTree = "<group>"; };
		CF422F3E2C79DCFD0099BAA8 /* CharacterDetailView.swift */ = {isa = PBXFileReference; lastKnownFileType = sourcecode.swift; path = CharacterDetailView.swift; sourceTree = "<group>"; };
		CF422F402C79DD0E0099BAA8 /* CharacterDetailViewModel.swift */ = {isa = PBXFileReference; lastKnownFileType = sourcecode.swift; path = CharacterDetailViewModel.swift; sourceTree = "<group>"; };
		CF422F422C79E0DC0099BAA8 /* StatusView.swift */ = {isa = PBXFileReference; lastKnownFileType = sourcecode.swift; path = StatusView.swift; sourceTree = "<group>"; };
		CF422F452C79F3020099BAA8 /* FormattedDate.swift */ = {isa = PBXFileReference; lastKnownFileType = sourcecode.swift; path = FormattedDate.swift; sourceTree = "<group>"; };
		CF422F492C7E05B60099BAA8 /* Favorite.swift */ = {isa = PBXFileReference; lastKnownFileType = sourcecode.swift; path = Favorite.swift; sourceTree = "<group>"; };
		CF422F4B2C7E06020099BAA8 /* FavoriteService.swift */ = {isa = PBXFileReference; lastKnownFileType = sourcecode.swift; path = FavoriteService.swift; sourceTree = "<group>"; };
		CF422F4D2C7E1FB30099BAA8 /* FavoritesView.swift */ = {isa = PBXFileReference; lastKnownFileType = sourcecode.swift; path = FavoritesView.swift; sourceTree = "<group>"; };
		CF422F4F2C7E1FE70099BAA8 /* FavoritesViewModel.swift */ = {isa = PBXFileReference; lastKnownFileType = sourcecode.swift; path = FavoritesViewModel.swift; sourceTree = "<group>"; };
/* End PBXFileReference section */

/* Begin PBXFrameworksBuildPhase section */
		CF422F142C6FF6950099BAA8 /* Frameworks */ = {
			isa = PBXFrameworksBuildPhase;
			buildActionMask = 2147483647;
			files = (
				CF422F2A2C6FF7830099BAA8 /* Alamofire in Frameworks */,
			);
			runOnlyForDeploymentPostprocessing = 0;
		};
/* End PBXFrameworksBuildPhase section */

/* Begin PBXGroup section */
		CF422F0E2C6FF6950099BAA8 = {
			isa = PBXGroup;
			children = (
				CF422F192C6FF6950099BAA8 /* RickAndMorty */,
				CF422F182C6FF6950099BAA8 /* Products */,
			);
			sourceTree = "<group>";
		};
		CF422F182C6FF6950099BAA8 /* Products */ = {
			isa = PBXGroup;
			children = (
				CF422F172C6FF6950099BAA8 /* RickAndMorty.app */,
			);
			name = Products;
			sourceTree = "<group>";
		};
		CF422F192C6FF6950099BAA8 /* RickAndMorty */ = {
			isa = PBXGroup;
			children = (
				CF422F442C79F2F10099BAA8 /* Common */,
				CF422F302C6FF8BD0099BAA8 /* Model */,
				CF422F2D2C6FF7BE0099BAA8 /* Services */,
				CF422F2C2C6FF7B40099BAA8 /* ViewModels */,
				CF422F2B2C6FF7AE0099BAA8 /* Views */,
				CF422F1A2C6FF6950099BAA8 /* RickAndMortyApp.swift */,
				CF422F1E2C6FF6960099BAA8 /* Assets.xcassets */,
				CF422F202C6FF6960099BAA8 /* Preview Content */,
			);
			path = RickAndMorty;
			sourceTree = "<group>";
		};
		CF422F202C6FF6960099BAA8 /* Preview Content */ = {
			isa = PBXGroup;
			children = (
				CF422F212C6FF6960099BAA8 /* Preview Assets.xcassets */,
			);
			path = "Preview Content";
			sourceTree = "<group>";
		};
		CF422F2B2C6FF7AE0099BAA8 /* Views */ = {
			isa = PBXGroup;
			children = (
				CF422F1C2C6FF6950099BAA8 /* RickAndMortyView.swift */,
				CF422F352C700BCD0099BAA8 /* RickAndMortyItem.swift */,
				CF422F3C2C79DB760099BAA8 /* SearchBar.swift */,
				CF422F3E2C79DCFD0099BAA8 /* CharacterDetailView.swift */,
				CF422F422C79E0DC0099BAA8 /* StatusView.swift */,
				CF422F4D2C7E1FB30099BAA8 /* FavoritesView.swift */,
			);
			path = Views;
			sourceTree = "<group>";
		};
		CF422F2C2C6FF7B40099BAA8 /* ViewModels */ = {
			isa = PBXGroup;
			children = (
				CF422F332C6FFCDD0099BAA8 /* RickAndMortyViewModel.swift */,
				CF422F402C79DD0E0099BAA8 /* CharacterDetailViewModel.swift */,
				CF422F4F2C7E1FE70099BAA8 /* FavoritesViewModel.swift */,
			);
			path = ViewModels;
			sourceTree = "<group>";
		};
		CF422F2D2C6FF7BE0099BAA8 /* Services */ = {
			isa = PBXGroup;
			children = (
				CF422F2E2C6FF7E80099BAA8 /* RickAndMortyService.swift */,
				CF422F3A2C79D3210099BAA8 /* CharacterError.swift */,
				CF422F4B2C7E06020099BAA8 /* FavoriteService.swift */,
			);
			path = Services;
			sourceTree = "<group>";
		};
		CF422F302C6FF8BD0099BAA8 /* Model */ = {
			isa = PBXGroup;
			children = (
				CF422F312C6FF9000099BAA8 /* Character.swift */,
				CF422F372C79D2120099BAA8 /* CharacterResponseDTO.swift */,
				CF422F492C7E05B60099BAA8 /* Favorite.swift */,
			);
			path = Model;
			sourceTree = "<group>";
		};
		CF422F442C79F2F10099BAA8 /* Common */ = {
			isa = PBXGroup;
			children = (
				CF422F452C79F3020099BAA8 /* FormattedDate.swift */,
			);
			path = Common;
			sourceTree = "<group>";
		};
/* End PBXGroup section */

/* Begin PBXNativeTarget section */
		CF422F162C6FF6950099BAA8 /* RickAndMorty */ = {
			isa = PBXNativeTarget;
			buildConfigurationList = CF422F252C6FF6960099BAA8 /* Build configuration list for PBXNativeTarget "RickAndMorty" */;
			buildPhases = (
				CF422F132C6FF6950099BAA8 /* Sources */,
				CF422F142C6FF6950099BAA8 /* Frameworks */,
				CF422F152C6FF6950099BAA8 /* Resources */,
			);
			buildRules = (
			);
			dependencies = (
			);
			name = RickAndMorty;
			packageProductDependencies = (
				CF422F292C6FF7830099BAA8 /* Alamofire */,
			);
			productName = RickAndMorty;
			productReference = CF422F172C6FF6950099BAA8 /* RickAndMorty.app */;
			productType = "com.apple.product-type.application";
		};
/* End PBXNativeTarget section */

/* Begin PBXProject section */
		CF422F0F2C6FF6950099BAA8 /* Project object */ = {
			isa = PBXProject;
			attributes = {
				BuildIndependentTargetsInParallel = 1;
				LastSwiftUpdateCheck = 1540;
				LastUpgradeCheck = 1540;
				TargetAttributes = {
					CF422F162C6FF6950099BAA8 = {
						CreatedOnToolsVersion = 15.4;
					};
				};
			};
			buildConfigurationList = CF422F122C6FF6950099BAA8 /* Build configuration list for PBXProject "RickAndMorty" */;
			compatibilityVersion = "Xcode 14.0";
			developmentRegion = en;
			hasScannedForEncodings = 0;
			knownRegions = (
				en,
				Base,
			);
			mainGroup = CF422F0E2C6FF6950099BAA8;
			packageReferences = (
				CF422F282C6FF7830099BAA8 /* XCRemoteSwiftPackageReference "Alamofire" */,
			);
			productRefGroup = CF422F182C6FF6950099BAA8 /* Products */;
			projectDirPath = "";
			projectRoot = "";
			targets = (
				CF422F162C6FF6950099BAA8 /* RickAndMorty */,
			);
		};
/* End PBXProject section */

/* Begin PBXResourcesBuildPhase section */
		CF422F152C6FF6950099BAA8 /* Resources */ = {
			isa = PBXResourcesBuildPhase;
			buildActionMask = 2147483647;
			files = (
				CF422F222C6FF6960099BAA8 /* Preview Assets.xcassets in Resources */,
				CF422F1F2C6FF6960099BAA8 /* Assets.xcassets in Resources */,
			);
			runOnlyForDeploymentPostprocessing = 0;
		};
/* End PBXResourcesBuildPhase section */

/* Begin PBXSourcesBuildPhase section */
		CF422F132C6FF6950099BAA8 /* Sources */ = {
			isa = PBXSourcesBuildPhase;
			buildActionMask = 2147483647;
			files = (
				CF422F1D2C6FF6950099BAA8 /* RickAndMortyView.swift in Sources */,
				CF422F4A2C7E05B60099BAA8 /* Favorite.swift in Sources */,
				CF422F362C700BCD0099BAA8 /* RickAndMortyItem.swift in Sources */,
				CF422F432C79E0DC0099BAA8 /* StatusView.swift in Sources */,
				CF422F4C2C7E06020099BAA8 /* FavoriteService.swift in Sources */,
				CF422F1B2C6FF6950099BAA8 /* RickAndMortyApp.swift in Sources */,
				CF422F462C79F3020099BAA8 /* FormattedDate.swift in Sources */,
				CF422F502C7E1FE70099BAA8 /* FavoritesViewModel.swift in Sources */,
				CF422F382C79D2120099BAA8 /* CharacterResponseDTO.swift in Sources */,
				CF422F322C6FF9000099BAA8 /* Character.swift in Sources */,
				CF422F3F2C79DCFD0099BAA8 /* CharacterDetailView.swift in Sources */,
				CF422F412C79DD0E0099BAA8 /* CharacterDetailViewModel.swift in Sources */,
				CF422F342C6FFCDD0099BAA8 /* RickAndMortyViewModel.swift in Sources */,
				CF422F4E2C7E1FB30099BAA8 /* FavoritesView.swift in Sources */,
				CF422F3B2C79D3210099BAA8 /* CharacterError.swift in Sources */,
				CF422F2F2C6FF7E80099BAA8 /* RickAndMortyService.swift in Sources */,
				CF422F3D2C79DB760099BAA8 /* SearchBar.swift in Sources */,
			);
			runOnlyForDeploymentPostprocessing = 0;
		};
/* End PBXSourcesBuildPhase section */

/* Begin XCBuildConfiguration section */
		CF422F232C6FF6960099BAA8 /* Debug */ = {
			isa = XCBuildConfiguration;
			buildSettings = {
				ALWAYS_SEARCH_USER_PATHS = NO;
				ASSETCATALOG_COMPILER_GENERATE_SWIFT_ASSET_SYMBOL_EXTENSIONS = YES;
				CLANG_ANALYZER_NONNULL = YES;
				CLANG_ANALYZER_NUMBER_OBJECT_CONVERSION = YES_AGGRESSIVE;
				CLANG_CXX_LANGUAGE_STANDARD = "gnu++20";
				CLANG_ENABLE_MODULES = YES;
				CLANG_ENABLE_OBJC_ARC = YES;
				CLANG_ENABLE_OBJC_WEAK = YES;
				CLANG_WARN_BLOCK_CAPTURE_AUTORELEASING = YES;
				CLANG_WARN_BOOL_CONVERSION = YES;
				CLANG_WARN_COMMA = YES;
				CLANG_WARN_CONSTANT_CONVERSION = YES;
				CLANG_WARN_DEPRECATED_OBJC_IMPLEMENTATIONS = YES;
				CLANG_WARN_DIRECT_OBJC_ISA_USAGE = YES_ERROR;
				CLANG_WARN_DOCUMENTATION_COMMENTS = YES;
				CLANG_WARN_EMPTY_BODY = YES;
				CLANG_WARN_ENUM_CONVERSION = YES;
				CLANG_WARN_INFINITE_RECURSION = YES;
				CLANG_WARN_INT_CONVERSION = YES;
				CLANG_WARN_NON_LITERAL_NULL_CONVERSION = YES;
				CLANG_WARN_OBJC_IMPLICIT_RETAIN_SELF = YES;
				CLANG_WARN_OBJC_LITERAL_CONVERSION = YES;
				CLANG_WARN_OBJC_ROOT_CLASS = YES_ERROR;
				CLANG_WARN_QUOTED_INCLUDE_IN_FRAMEWORK_HEADER = YES;
				CLANG_WARN_RANGE_LOOP_ANALYSIS = YES;
				CLANG_WARN_STRICT_PROTOTYPES = YES;
				CLANG_WARN_SUSPICIOUS_MOVE = YES;
				CLANG_WARN_UNGUARDED_AVAILABILITY = YES_AGGRESSIVE;
				CLANG_WARN_UNREACHABLE_CODE = YES;
				CLANG_WARN__DUPLICATE_METHOD_MATCH = YES;
				COPY_PHASE_STRIP = NO;
				DEBUG_INFORMATION_FORMAT = dwarf;
				ENABLE_STRICT_OBJC_MSGSEND = YES;
				ENABLE_TESTABILITY = YES;
				ENABLE_USER_SCRIPT_SANDBOXING = YES;
				GCC_C_LANGUAGE_STANDARD = gnu17;
				GCC_DYNAMIC_NO_PIC = NO;
				GCC_NO_COMMON_BLOCKS = YES;
				GCC_OPTIMIZATION_LEVEL = 0;
				GCC_PREPROCESSOR_DEFINITIONS = (
					"DEBUG=1",
					"$(inherited)",
				);
				GCC_WARN_64_TO_32_BIT_CONVERSION = YES;
				GCC_WARN_ABOUT_RETURN_TYPE = YES_ERROR;
				GCC_WARN_UNDECLARED_SELECTOR = YES;
				GCC_WARN_UNINITIALIZED_AUTOS = YES_AGGRESSIVE;
				GCC_WARN_UNUSED_FUNCTION = YES;
				GCC_WARN_UNUSED_VARIABLE = YES;
				IPHONEOS_DEPLOYMENT_TARGET = 17.5;
				LOCALIZATION_PREFERS_STRING_CATALOGS = YES;
				MTL_ENABLE_DEBUG_INFO = INCLUDE_SOURCE;
				MTL_FAST_MATH = YES;
				ONLY_ACTIVE_ARCH = YES;
				SDKROOT = iphoneos;
				SWIFT_ACTIVE_COMPILATION_CONDITIONS = "DEBUG $(inherited)";
				SWIFT_OPTIMIZATION_LEVEL = "-Onone";
			};
			name = Debug;
		};
		CF422F242C6FF6960099BAA8 /* Release */ = {
			isa = XCBuildConfiguration;
			buildSettings = {
				ALWAYS_SEARCH_USER_PATHS = NO;
				ASSETCATALOG_COMPILER_GENERATE_SWIFT_ASSET_SYMBOL_EXTENSIONS = YES;
				CLANG_ANALYZER_NONNULL = YES;
				CLANG_ANALYZER_NUMBER_OBJECT_CONVERSION = YES_AGGRESSIVE;
				CLANG_CXX_LANGUAGE_STANDARD = "gnu++20";
				CLANG_ENABLE_MODULES = YES;
				CLANG_ENABLE_OBJC_ARC = YES;
				CLANG_ENABLE_OBJC_WEAK = YES;
				CLANG_WARN_BLOCK_CAPTURE_AUTORELEASING = YES;
				CLANG_WARN_BOOL_CONVERSION = YES;
				CLANG_WARN_COMMA = YES;
				CLANG_WARN_CONSTANT_CONVERSION = YES;
				CLANG_WARN_DEPRECATED_OBJC_IMPLEMENTATIONS = YES;
				CLANG_WARN_DIRECT_OBJC_ISA_USAGE = YES_ERROR;
				CLANG_WARN_DOCUMENTATION_COMMENTS = YES;
				CLANG_WARN_EMPTY_BODY = YES;
				CLANG_WARN_ENUM_CONVERSION = YES;
				CLANG_WARN_INFINITE_RECURSION = YES;
				CLANG_WARN_INT_CONVERSION = YES;
				CLANG_WARN_NON_LITERAL_NULL_CONVERSION = YES;
				CLANG_WARN_OBJC_IMPLICIT_RETAIN_SELF = YES;
				CLANG_WARN_OBJC_LITERAL_CONVERSION = YES;
				CLANG_WARN_OBJC_ROOT_CLASS = YES_ERROR;
				CLANG_WARN_QUOTED_INCLUDE_IN_FRAMEWORK_HEADER = YES;
				CLANG_WARN_RANGE_LOOP_ANALYSIS = YES;
				CLANG_WARN_STRICT_PROTOTYPES = YES;
				CLANG_WARN_SUSPICIOUS_MOVE = YES;
				CLANG_WARN_UNGUARDED_AVAILABILITY = YES_AGGRESSIVE;
				CLANG_WARN_UNREACHABLE_CODE = YES;
				CLANG_WARN__DUPLICATE_METHOD_MATCH = YES;
				COPY_PHASE_STRIP = NO;
				DEBUG_INFORMATION_FORMAT = "dwarf-with-dsym";
				ENABLE_NS_ASSERTIONS = NO;
				ENABLE_STRICT_OBJC_MSGSEND = YES;
				ENABLE_USER_SCRIPT_SANDBOXING = YES;
				GCC_C_LANGUAGE_STANDARD = gnu17;
				GCC_NO_COMMON_BLOCKS = YES;
				GCC_WARN_64_TO_32_BIT_CONVERSION = YES;
				GCC_WARN_ABOUT_RETURN_TYPE = YES_ERROR;
				GCC_WARN_UNDECLARED_SELECTOR = YES;
				GCC_WARN_UNINITIALIZED_AUTOS = YES_AGGRESSIVE;
				GCC_WARN_UNUSED_FUNCTION = YES;
				GCC_WARN_UNUSED_VARIABLE = YES;
				IPHONEOS_DEPLOYMENT_TARGET = 17.5;
				LOCALIZATION_PREFERS_STRING_CATALOGS = YES;
				MTL_ENABLE_DEBUG_INFO = NO;
				MTL_FAST_MATH = YES;
				SDKROOT = iphoneos;
				SWIFT_COMPILATION_MODE = wholemodule;
				VALIDATE_PRODUCT = YES;
			};
			name = Release;
		};
		CF422F262C6FF6960099BAA8 /* Debug */ = {
			isa = XCBuildConfiguration;
			buildSettings = {
				ASSETCATALOG_COMPILER_APPICON_NAME = AppIcon;
				ASSETCATALOG_COMPILER_GLOBAL_ACCENT_COLOR_NAME = AccentColor;
				CODE_SIGN_STYLE = Automatic;
				CURRENT_PROJECT_VERSION = 1;
				DEVELOPMENT_ASSET_PATHS = "\"RickAndMorty/Preview Content\"";
				DEVELOPMENT_TEAM = L5U287N3KD;
				ENABLE_PREVIEWS = YES;
				GENERATE_INFOPLIST_FILE = YES;
				INFOPLIST_KEY_UIApplicationSceneManifest_Generation = YES;
				INFOPLIST_KEY_UIApplicationSupportsIndirectInputEvents = YES;
				INFOPLIST_KEY_UILaunchScreen_Generation = YES;
				INFOPLIST_KEY_UISupportedInterfaceOrientations_iPad = "UIInterfaceOrientationPortrait UIInterfaceOrientationPortraitUpsideDown UIInterfaceOrientationLandscapeLeft UIInterfaceOrientationLandscapeRight";
				INFOPLIST_KEY_UISupportedInterfaceOrientations_iPhone = "UIInterfaceOrientationPortrait UIInterfaceOrientationLandscapeLeft UIInterfaceOrientationLandscapeRight";
				IPHONEOS_DEPLOYMENT_TARGET = 17.5;
				LD_RUNPATH_SEARCH_PATHS = (
					"$(inherited)",
					"@executable_path/Frameworks",
				);
				MARKETING_VERSION = 1.0;
				PRODUCT_BUNDLE_IDENTIFIER = jamersonmacedo.RickAndMorty;
				PRODUCT_NAME = "$(TARGET_NAME)";
				SWIFT_EMIT_LOC_STRINGS = YES;
				SWIFT_VERSION = 5.0;
				TARGETED_DEVICE_FAMILY = "1,2";
			};
			name = Debug;
		};
		CF422F272C6FF6960099BAA8 /* Release */ = {
			isa = XCBuildConfiguration;
			buildSettings = {
				ASSETCATALOG_COMPILER_APPICON_NAME = AppIcon;
				ASSETCATALOG_COMPILER_GLOBAL_ACCENT_COLOR_NAME = AccentColor;
				CODE_SIGN_STYLE = Automatic;
				CURRENT_PROJECT_VERSION = 1;
				DEVELOPMENT_ASSET_PATHS = "\"RickAndMorty/Preview Content\"";
				DEVELOPMENT_TEAM = L5U287N3KD;
				ENABLE_PREVIEWS = YES;
				GENERATE_INFOPLIST_FILE = YES;
				INFOPLIST_KEY_UIApplicationSceneManifest_Generation = YES;
				INFOPLIST_KEY_UIApplicationSupportsIndirectInputEvents = YES;
				INFOPLIST_KEY_UILaunchScreen_Generation = YES;
				INFOPLIST_KEY_UISupportedInterfaceOrientations_iPad = "UIInterfaceOrientationPortrait UIInterfaceOrientationPortraitUpsideDown UIInterfaceOrientationLandscapeLeft UIInterfaceOrientationLandscapeRight";
				INFOPLIST_KEY_UISupportedInterfaceOrientations_iPhone = "UIInterfaceOrientationPortrait UIInterfaceOrientationLandscapeLeft UIInterfaceOrientationLandscapeRight";
				IPHONEOS_DEPLOYMENT_TARGET = 17.5;
				LD_RUNPATH_SEARCH_PATHS = (
					"$(inherited)",
					"@executable_path/Frameworks",
				);
				MARKETING_VERSION = 1.0;
				PRODUCT_BUNDLE_IDENTIFIER = jamersonmacedo.RickAndMorty;
				PRODUCT_NAME = "$(TARGET_NAME)";
				SWIFT_EMIT_LOC_STRINGS = YES;
				SWIFT_VERSION = 5.0;
				TARGETED_DEVICE_FAMILY = "1,2";
			};
			name = Release;
		};
/* End XCBuildConfiguration section */

/* Begin XCConfigurationList section */
		CF422F122C6FF6950099BAA8 /* Build configuration list for PBXProject "RickAndMorty" */ = {
			isa = XCConfigurationList;
			buildConfigurations = (
				CF422F232C6FF6960099BAA8 /* Debug */,
				CF422F242C6FF6960099BAA8 /* Release */,
			);
			defaultConfigurationIsVisible = 0;
			defaultConfigurationName = Release;
		};
		CF422F252C6FF6960099BAA8 /* Build configuration list for PBXNativeTarget "RickAndMorty" */ = {
			isa = XCConfigurationList;
			buildConfigurations = (
				CF422F262C6FF6960099BAA8 /* Debug */,
				CF422F272C6FF6960099BAA8 /* Release */,
			);
			defaultConfigurationIsVisible = 0;
			defaultConfigurationName = Release;
		};
/* End XCConfigurationList section */

/* Begin XCRemoteSwiftPackageReference section */
		CF422F282C6FF7830099BAA8 /* XCRemoteSwiftPackageReference "Alamofire" */ = {
			isa = XCRemoteSwiftPackageReference;
			repositoryURL = "https://github.com/Alamofire/Alamofire";
			requirement = {
				kind = upToNextMajorVersion;
				minimumVersion = 5.9.1;
			};
		};
/* End XCRemoteSwiftPackageReference section */

/* Begin XCSwiftPackageProductDependency section */
		CF422F292C6FF7830099BAA8 /* Alamofire */ = {
			isa = XCSwiftPackageProductDependency;
			package = CF422F282C6FF7830099BAA8 /* XCRemoteSwiftPackageReference "Alamofire" */;
			productName = Alamofire;
		};
/* End XCSwiftPackageProductDependency section */
	};
	rootObject = CF422F0F2C6FF6950099BAA8 /* Project object */;
}
